
Microsoft Visual Studio Solution File, Format Version 12.00
# Visual Studio Version 17
VisualStudioVersion = 17.3.32811.315
MinimumVisualStudioVersion = 10.0.40219.1
Project("{FAE04EC0-301F-11D3-BF4B-00C04F79EFBC}") = "Shopping.Client", "Shopping.Client\Shopping.Client.csproj", "{08BFF2E6-B72E-4A50-853F-6D0F6647C99B}"
EndProject
Global
	GlobalSection(SolutionConfigurationPlatforms) = preSolution
		Debug|Any CPU = Debug|Any CPU
		Release|Any CPU = Release|Any CPU
	EndGlobalSection
	GlobalSection(ProjectConfigurationPlatforms) = postSolution
		{08BFF2E6-B72E-4A50-853F-6D0F6647C99B}.Debug|Any CPU.ActiveCfg = Debug|Any CPU
		{08BFF2E6-B72E-4A50-853F-6D0F6647C99B}.Debug|Any CPU.Build.0 = Debug|Any CPU
		{08BFF2E6-B72E-4A50-853F-6D0F6647C99B}.Release|Any CPU.ActiveCfg = Release|Any CPU
		{08BFF2E6-B72E-4A50-853F-6D0F6647C99B}.Release|Any CPU.Build.0 = Release|Any CPU
	EndGlobalSection
	GlobalSection(SolutionProperties) = preSolution
		HideSolutionNode = FALSE
	EndGlobalSection
	GlobalSection(ExtensibilityGlobals) = postSolution
		SolutionGuid = {EA44A852-6AC3-4A8B-A8E6-9D144E34CB2B}
	EndGlobalSection
EndGlobal
